<?xml version="1.0" encoding="utf-8"?>
<Project ToolsVersion="4.0" xmlns="http://schemas.microsoft.com/developer/msbuild/2003">
  <ItemGroup>
    <Filter Include="Engine">
      <UniqueIdentifier>{f1e12da3-0cd3-41e9-92e2-1a90c50e6d81}</UniqueIdentifier>
    </Filter>
    <Filter Include="Game">
      <UniqueIdentifier>{72dc1c99-9e78-4ee7-833c-556a34d291e8}</UniqueIdentifier>
    </Filter>
    <Filter Include="Game\Singletons">
      <UniqueIdentifier>{c22f6f9f-d38e-46e7-ab33-c9711105d80d}</UniqueIdentifier>
    </Filter>
    <Filter Include="Game\Types">
      <UniqueIdentifier>{daa31a79-ff8c-4bcc-bf19-b7096cf709dd}</UniqueIdentifier>
    </Filter>
    <Filter Include="Game\Test">
      <UniqueIdentifier>{5b3dc12e-a8eb-44cc-9fd7-ee935d8b481d}</UniqueIdentifier>
    </Filter>
    <Filter Include="Game\Characters">
      <UniqueIdentifier>{a23be5e2-c9bb-49d7-94a1-13a0fe7587a2}</UniqueIdentifier>
    </Filter>
    <Filter Include="Game\Characters\Component">
      <UniqueIdentifier>{6f3fcb5d-bb9d-483d-980f-403f9fdb65c2}</UniqueIdentifier>
    </Filter>
    <Filter Include="Game\Characters\States">
      <UniqueIdentifier>{b57d4aa8-d91d-4e20-8b66-4ac88d739fb0}</UniqueIdentifier>
    </Filter>
    <Filter Include="Game\Characters\Actions">
      <UniqueIdentifier>{5a0c88bd-16a6-438c-aa9a-dd2da41dff66}</UniqueIdentifier>
    </Filter>
  </ItemGroup>
  <ItemGroup>
    <ClCompile Include="main.cpp" />
    <ClCompile Include="Engine\Logger.cpp">
      <Filter>Engine</Filter>
    </ClCompile>
    <ClCompile Include="Engine\Window.cpp">
      <Filter>Engine</Filter>
    </ClCompile>
    <ClCompile Include="Engine\Engine.cpp">
      <Filter>Engine</Filter>
    </ClCompile>
    <ClCompile Include="Engine\GameStateManager.cpp">
      <Filter>Engine</Filter>
    </ClCompile>
    <ClCompile Include="Game\Splash.cpp">
      <Filter>Game</Filter>
    </ClCompile>
    <ClCompile Include="Engine\Input.cpp">
      <Filter>Engine</Filter>
    </ClCompile>
    <ClCompile Include="Engine\Vec2.cpp">
      <Filter>Engine</Filter>
    </ClCompile>
    <ClCompile Include="Engine\Texture.cpp">
      <Filter>Engine</Filter>
    </ClCompile>
    <ClCompile Include="Engine\Sprite.cpp">
      <Filter>Engine</Filter>
    </ClCompile>
    <ClCompile Include="Engine\Camera.cpp">
      <Filter>Engine</Filter>
    </ClCompile>
    <ClCompile Include="Engine\Matrix.cpp">
      <Filter>Engine</Filter>
    </ClCompile>
    <ClCompile Include="Engine\Animation.cpp">
      <Filter>Engine</Filter>
    </ClCompile>
    <ClCompile Include="Engine\GameObjectManager.cpp">
      <Filter>Engine</Filter>
    </ClCompile>
    <ClCompile Include="Engine\TextureManager.cpp">
      <Filter>Engine</Filter>
    </ClCompile>
    <ClCompile Include="Engine\GameObject.cpp">
      <Filter>Engine</Filter>
    </ClCompile>
    <ClCompile Include="Engine\Font.cpp">
      <Filter>Engine</Filter>
    </ClCompile>
    <ClCompile Include="Game\MainMenu.cpp">
      <Filter>Game</Filter>
    </ClCompile>
    <ClCompile Include="Engine\Collision.cpp">
      <Filter>Engine</Filter>
    </ClCompile>
    <ClCompile Include="Engine\ShowCollision.cpp">
      <Filter>Engine</Filter>
    </ClCompile>
    <ClCompile Include="Engine\Rect.cpp">
      <Filter>Engine</Filter>
    </ClCompile>
    <ClCompile Include="Engine\Timer.cpp">
      <Filter>Engine</Filter>
    </ClCompile>
    <ClCompile Include="Game\Score.cpp">
      <Filter>Game</Filter>
    </ClCompile>
    <ClCompile Include="Engine\Particle.cpp">
      <Filter>Engine</Filter>
    </ClCompile>
    <ClCompile Include="Game\Singletons\EventBus.cpp">
      <Filter>Game\Singletons</Filter>
    </ClCompile>
    <ClCompile Include="Game\Test.cpp">
      <Filter>Game</Filter>
    </ClCompile>
    <ClCompile Include="Game\SpellSlots.cpp">
      <Filter>Game\Characters\Component</Filter>
    </ClCompile>
    <ClCompile Include="Game\GridPosition.cpp">
      <Filter>Game\Characters\Component</Filter>
    </ClCompile>
    <ClCompile Include="Game\ActionPoints.cpp">
      <Filter>Game\Characters\Component</Filter>
    </ClCompile>
    <ClCompile Include="Game\StatsComponent.cpp">
      <Filter>Game\Characters\Component</Filter>
    </ClCompile>
    <ClCompile Include="Game\CharacterStates.cpp">
      <Filter>Game\Characters\States</Filter>
    </ClCompile>
    <ClCompile Include="Game\Character.cpp">
      <Filter>Game\Characters</Filter>
    </ClCompile>
    <ClCompile Include="Game\Fighter.cpp">
      <Filter>Game</Filter>
    </ClCompile>
    <ClCompile Include="Game\Action.cpp">
      <Filter>Game\Characters\Actions</Filter>
    </ClCompile>
    <ClCompile Include="Game\ActionAttack.cpp">
      <Filter>Game\Characters\Actions</Filter>
    </ClCompile>
    <ClCompile Include="Game\Dragon.cpp">
      <Filter>Game</Filter>
    </ClCompile>
    <ClCompile Include="Game\System\GridSystem.cpp" />
    <ClCompile Include="Game\Singletons\DiceManager.cpp">
      <Filter>Game\Singletons</Filter>
    </ClCompile>
  </ItemGroup>
  <ItemGroup>
    <ClInclude Include="Engine\Logger.h">
      <Filter>Engine</Filter>
    </ClInclude>
    <ClInclude Include="Engine\Window.h">
      <Filter>Engine</Filter>
    </ClInclude>
    <ClInclude Include="Engine\Engine.h">
      <Filter>Engine</Filter>
    </ClInclude>
    <ClInclude Include="Engine\GameState.h">
      <Filter>Engine</Filter>
    </ClInclude>
    <ClInclude Include="Engine\GameStateManager.h">
      <Filter>Engine</Filter>
    </ClInclude>
    <ClInclude Include="Game\States.h">
      <Filter>Game</Filter>
    </ClInclude>
    <ClInclude Include="Game\Splash.h">
      <Filter>Game</Filter>
    </ClInclude>
    <ClInclude Include="Engine\Input.h">
      <Filter>Engine</Filter>
    </ClInclude>
    <ClInclude Include="Engine\Vec2.h">
      <Filter>Engine</Filter>
    </ClInclude>
    <ClInclude Include="Engine\Texture.h">
      <Filter>Engine</Filter>
    </ClInclude>
    <ClInclude Include="Engine\Sprite.h">
      <Filter>Engine</Filter>
    </ClInclude>
    <ClInclude Include="Engine\Rect.h">
      <Filter>Engine</Filter>
    </ClInclude>
    <ClInclude Include="Engine\Camera.h">
      <Filter>Engine</Filter>
    </ClInclude>
    <ClInclude Include="Engine\Matrix.h">
      <Filter>Engine</Filter>
    </ClInclude>
    <ClInclude Include="Engine\Animation.h">
      <Filter>Engine</Filter>
    </ClInclude>
    <ClInclude Include="Engine\GameObject.h">
      <Filter>Engine</Filter>
    </ClInclude>
    <ClInclude Include="Engine\GameObjectManager.h">
      <Filter>Engine</Filter>
    </ClInclude>
    <ClInclude Include="Engine\TextureManager.h">
      <Filter>Engine</Filter>
    </ClInclude>
    <ClInclude Include="Engine\Font.h">
      <Filter>Engine</Filter>
    </ClInclude>
    <ClInclude Include="Game\Fonts.h">
      <Filter>Game</Filter>
    </ClInclude>
    <ClInclude Include="Game\MainMenu.h">
      <Filter>Game</Filter>
    </ClInclude>
    <ClInclude Include="Engine\Component.h">
      <Filter>Engine</Filter>
    </ClInclude>
    <ClInclude Include="Engine\ComponentManager.h">
      <Filter>Engine</Filter>
    </ClInclude>
    <ClInclude Include="Engine\Timer.h">
      <Filter>Engine</Filter>
    </ClInclude>
    <ClInclude Include="Engine\Collision.h">
      <Filter>Engine</Filter>
    </ClInclude>
    <ClInclude Include="Engine\ShowCollision.h">
      <Filter>Engine</Filter>
    </ClInclude>
    <ClInclude Include="Game\Score.h">
      <Filter>Game</Filter>
    </ClInclude>
    <ClInclude Include="Engine\Particle.h">
      <Filter>Engine</Filter>
    </ClInclude>
    <ClInclude Include="Game\Particles.h">
      <Filter>Game</Filter>
    </ClInclude>
    <ClInclude Include="Game\Singletons\EventBus.h">
      <Filter>Game\Singletons</Filter>
    </ClInclude>
    <ClInclude Include="Game\Test.h">
      <Filter>Game</Filter>
    </ClInclude>
    <ClInclude Include="Game\Types\Events.h">
      <Filter>Game\Types</Filter>
    </ClInclude>
    <ClInclude Include="Game\Test\Week1TestMocks.h">
      <Filter>Game\Test</Filter>
    </ClInclude>
    <ClInclude Include="Game\Fighter.h">
      <Filter>Game</Filter>
    </ClInclude>
    <ClInclude Include="Game\SpellSlots.h">
      <Filter>Game\Characters\Component</Filter>
    </ClInclude>
    <ClInclude Include="Game\GridPosition.h">
      <Filter>Game\Characters\Component</Filter>
    </ClInclude>
    <ClInclude Include="Game\ActionPoints.h">
      <Filter>Game\Characters\Component</Filter>
    </ClInclude>
    <ClInclude Include="Game\StatsComponent.h">
      <Filter>Game\Characters\Component</Filter>
    </ClInclude>
    <ClInclude Include="Game\CharacterStates.h">
      <Filter>Game\Characters\States</Filter>
    </ClInclude>
    <ClInclude Include="Game\Character.h">
      <Filter>Game\Characters</Filter>
    </ClInclude>
    <ClInclude Include="Game\GameObjectTypes.h">
      <Filter>Game\Types</Filter>
    </ClInclude>
    <ClInclude Include="Game\GameTypes.h">
      <Filter>Game\Types</Filter>
    </ClInclude>
    <ClInclude Include="Game\CharacterTypes.h">
      <Filter>Game\Types</Filter>
    </ClInclude>
    <ClInclude Include="Game\Action.h">
      <Filter>Game\Characters\Actions</Filter>
    </ClInclude>
    <ClInclude Include="Game\ActionAttack.h">
      <Filter>Game\Characters\Actions</Filter>
    </ClInclude>
    <ClInclude Include="Game\Dragon.h">
      <Filter>Game</Filter>
    </ClInclude>
    <ClInclude Include="Game\System\GridSystem.h" />
    <ClInclude Include="Game\Singletons\DiceManager.h">
      <Filter>Game\Singletons</Filter>
    </ClInclude>
  </ItemGroup>
</Project>